
Microsoft Visual Studio Solution File, Format Version 12.00
# Visual Studio Version 16
VisualStudioVersion = 16.0.31005.135
MinimumVisualStudioVersion = 10.0.40219.1
Project("{2150E333-8FDC-42A3-9474-1A3956D46DE8}") = "src", "src", "{0A7F8B4B-5B29-475C-97A4-3BEEB2799595}"
EndProject
Project("{2150E333-8FDC-42A3-9474-1A3956D46DE8}") = "doc", "doc", "{9D9571B4-B037-40E2-8E90-5552F6EE31FE}"
	ProjectSection(SolutionItems) = preProject
		TextFile1.txt = TextFile1.txt
	EndProjectSection
EndProject
Project("{2150E333-8FDC-42A3-9474-1A3956D46DE8}") = "Test", "Test", "{13E7BA65-6E7A-4286-AA1C-31ADA841EE49}"
	ProjectSection(SolutionItems) = preProject
		Test.txt = Test.txt
	EndProjectSection
EndProject
Project("{9A19103F-16F7-4668-BE54-9A1E7A4F7556}") = "FoodOrder.Presentation", "FoodOrder.Presentation\FoodOrder.Presentation.csproj", "{22CDDC17-2600-491C-8282-71611C02A039}"
	ProjectSection(ProjectDependencies) = postProject
		{4425291B-355E-4E98-93CE-E56BE7C42791} = {4425291B-355E-4E98-93CE-E56BE7C42791}
		{0718FF75-9A30-4768-8254-63853CC179F2} = {0718FF75-9A30-4768-8254-63853CC179F2}
	EndProjectSection
EndProject
Project("{9A19103F-16F7-4668-BE54-9A1E7A4F7556}") = "FoodOrder.Domain", "FoodOrder.Domain\FoodOrder.Domain.csproj", "{4425291B-355E-4E98-93CE-E56BE7C42791}"
EndProject
Project("{9A19103F-16F7-4668-BE54-9A1E7A4F7556}") = "FoodOrder.Infrastructure", "FoodOrder.Infrastructure\FoodOrder.Infrastructure.csproj", "{0718FF75-9A30-4768-8254-63853CC179F2}"
	ProjectSection(ProjectDependencies) = postProject
		{4425291B-355E-4E98-93CE-E56BE7C42791} = {4425291B-355E-4E98-93CE-E56BE7C42791}
	EndProjectSection
EndProject
Project("{9A19103F-16F7-4668-BE54-9A1E7A4F7556}") = "FoodOrder.Common", "FoodOrder.Common\FoodOrder.Common.csproj", "{437435AA-84AD-4B56-9F19-0E7CBF17F97A}"
EndProject
Project("{9A19103F-16F7-4668-BE54-9A1E7A4F7556}") = "FoodOrder.WebFramework", "FoodOrder.WebFramework\FoodOrder.WebFramework.csproj", "{D4B0EB12-0DE1-447A-8097-5902C108272E}"
EndProject
Project("{9A19103F-16F7-4668-BE54-9A1E7A4F7556}") = "FoodOrder.Service", "FoodOrder.Service\FoodOrder.Service.csproj", "{EC570F13-0D7D-46AD-869C-504A87B62DFB}"
EndProject
Global
	GlobalSection(SolutionConfigurationPlatforms) = preSolution
		Debug|Any CPU = Debug|Any CPU
		Release|Any CPU = Release|Any CPU
	EndGlobalSection
	GlobalSection(ProjectConfigurationPlatforms) = postSolution
		{22CDDC17-2600-491C-8282-71611C02A039}.Debug|Any CPU.ActiveCfg = Debug|Any CPU
		{22CDDC17-2600-491C-8282-71611C02A039}.Debug|Any CPU.Build.0 = Debug|Any CPU
		{22CDDC17-2600-491C-8282-71611C02A039}.Release|Any CPU.ActiveCfg = Release|Any CPU
		{22CDDC17-2600-491C-8282-71611C02A039}.Release|Any CPU.Build.0 = Release|Any CPU
		{4425291B-355E-4E98-93CE-E56BE7C42791}.Debug|Any CPU.ActiveCfg = Debug|Any CPU
		{4425291B-355E-4E98-93CE-E56BE7C42791}.Debug|Any CPU.Build.0 = Debug|Any CPU
		{4425291B-355E-4E98-93CE-E56BE7C42791}.Release|Any CPU.ActiveCfg = Release|Any CPU
		{4425291B-355E-4E98-93CE-E56BE7C42791}.Release|Any CPU.Build.0 = Release|Any CPU
		{0718FF75-9A30-4768-8254-63853CC179F2}.Debug|Any CPU.ActiveCfg = Debug|Any CPU
		{0718FF75-9A30-4768-8254-63853CC179F2}.Debug|Any CPU.Build.0 = Debug|Any CPU
		{0718FF75-9A30-4768-8254-63853CC179F2}.Release|Any CPU.ActiveCfg = Release|Any CPU
		{0718FF75-9A30-4768-8254-63853CC179F2}.Release|Any CPU.Build.0 = Release|Any CPU
		{437435AA-84AD-4B56-9F19-0E7CBF17F97A}.Debug|Any CPU.ActiveCfg = Debug|Any CPU
		{437435AA-84AD-4B56-9F19-0E7CBF17F97A}.Debug|Any CPU.Build.0 = Debug|Any CPU
		{437435AA-84AD-4B56-9F19-0E7CBF17F97A}.Release|Any CPU.ActiveCfg = Release|Any CPU
		{437435AA-84AD-4B56-9F19-0E7CBF17F97A}.Release|Any CPU.Build.0 = Release|Any CPU
		{D4B0EB12-0DE1-447A-8097-5902C108272E}.Debug|Any CPU.ActiveCfg = Debug|Any CPU
		{D4B0EB12-0DE1-447A-8097-5902C108272E}.Debug|Any CPU.Build.0 = Debug|Any CPU
		{D4B0EB12-0DE1-447A-8097-5902C108272E}.Release|Any CPU.ActiveCfg = Release|Any CPU
		{D4B0EB12-0DE1-447A-8097-5902C108272E}.Release|Any CPU.Build.0 = Release|Any CPU
		{EC570F13-0D7D-46AD-869C-504A87B62DFB}.Debug|Any CPU.ActiveCfg = Debug|Any CPU
		{EC570F13-0D7D-46AD-869C-504A87B62DFB}.Debug|Any CPU.Build.0 = Debug|Any CPU
		{EC570F13-0D7D-46AD-869C-504A87B62DFB}.Release|Any CPU.ActiveCfg = Release|Any CPU
		{EC570F13-0D7D-46AD-869C-504A87B62DFB}.Release|Any CPU.Build.0 = Release|Any CPU
	EndGlobalSection
	GlobalSection(SolutionProperties) = preSolution
		HideSolutionNode = FALSE
	EndGlobalSection
	GlobalSection(NestedProjects) = preSolution
		{22CDDC17-2600-491C-8282-71611C02A039} = {0A7F8B4B-5B29-475C-97A4-3BEEB2799595}
		{4425291B-355E-4E98-93CE-E56BE7C42791} = {0A7F8B4B-5B29-475C-97A4-3BEEB2799595}
		{0718FF75-9A30-4768-8254-63853CC179F2} = {0A7F8B4B-5B29-475C-97A4-3BEEB2799595}
		{437435AA-84AD-4B56-9F19-0E7CBF17F97A} = {0A7F8B4B-5B29-475C-97A4-3BEEB2799595}
		{D4B0EB12-0DE1-447A-8097-5902C108272E} = {0A7F8B4B-5B29-475C-97A4-3BEEB2799595}
		{EC570F13-0D7D-46AD-869C-504A87B62DFB} = {0A7F8B4B-5B29-475C-97A4-3BEEB2799595}
	EndGlobalSection
	GlobalSection(ExtensibilityGlobals) = postSolution
		SolutionGuid = {4922A908-CCC4-4E94-85FD-09391148B6E1}
	EndGlobalSection
EndGlobal
